PODS:
  - Alamofire (4.5.1)
  - Crashlytics (3.9.0):
    - Fabric (~> 1.7.0)
  - Fabric (1.7.0)
  - LKAlertController (1.12.1)
  - OneSignal (2.5.6)
  - SwiftyJSON (3.1.4)
  - TBEmptyDataSet (2.6)
  - TOWebViewController (2.2.6):
    - TOWebViewController/Core (= 2.2.6)
  - TOWebViewController/Core (2.2.6)
  - UIColor_Hex_Swift (3.0.2)

DEPENDENCIES:
  - Alamofire
  - Crashlytics
  - Fabric
  - LKAlertController
  - OneSignal (< 3.0, >= 2.5.2)
  - SwiftyJSON
  - TBEmptyDataSet
  - TOWebViewController
  - UIColor_Hex_Swift (~> 3.0.2)

SPEC REPOS:
  https://github.com/cocoapods/specs.git:
    - Alamofire
    - Crashlytics
    - Fabric
    - LKAlertController
    - OneSignal
    - SwiftyJSON
    - TBEmptyDataSet
    - TOWebViewController
    - UIColor_Hex_Swift

SPEC CHECKSUMS:
  Alamofire: 2d95912bf4c34f164fdfc335872e8c312acaea4a
  Crashlytics: 64aad5dd97249dd3ff94b979fea140144590cdd3
  Fabric: e6be012366472553807dada21243c5ab8d904151
  LKAlertController: e229465c0b4543ea122bfe62567747e6213ee43f
  OneSignal: 9ec286d9156b86b3975f45d928e70f46c74ef4b7
  SwiftyJSON: c2842d878f95482ffceec5709abc3d05680c0220
  TBEmptyDataSet: 7383c353092f33dc572084cfa9182678a132dac7
  TOWebViewController: a29908019f7e0e0f8eccfab8a1ee8dcdf4fc5aac
  UIColor_Hex_Swift: 95f718452092a3efc8a827dffd2c04d3237be02d

PODFILE CHECKSUM: c58469515aabc693ca7c79a6b199d3dec5f489f9

COCOAPODS: 1.6.1
